
Microsoft Visual Studio Solution File, Format Version 12.00
# Visual Studio Version 17
VisualStudioVersion = 17.7.34202.233
MinimumVisualStudioVersion = 10.0.40219.1
Project("{FAE04EC0-301F-11D3-BF4B-00C04F79EFBC}") = "Practica 5", "Practica 5.csproj", "{FAB867F2-BCC4-4122-A477-7873E0B433A2}"
EndProject
Global
	GlobalSection(SolutionConfigurationPlatforms) = preSolution
		Debug|Any CPU = Debug|Any CPU
		Release|Any CPU = Release|Any CPU
	EndGlobalSection
	GlobalSection(ProjectConfigurationPlatforms) = postSolution
		{FAB867F2-BCC4-4122-A477-7873E0B433A2}.Debug|Any CPU.ActiveCfg = Debug|Any CPU
		{FAB867F2-BCC4-4122-A477-7873E0B433A2}.Debug|Any CPU.Build.0 = Debug|Any CPU
		{FAB867F2-BCC4-4122-A477-7873E0B433A2}.Release|Any CPU.ActiveCfg = Release|Any CPU
		{FAB867F2-BCC4-4122-A477-7873E0B433A2}.Release|Any CPU.Build.0 = Release|Any CPU
	EndGlobalSection
	GlobalSection(SolutionProperties) = preSolution
		HideSolutionNode = FALSE
	EndGlobalSection
	GlobalSection(ExtensibilityGlobals) = postSolution
		SolutionGuid = {66318163-7B08-498B-B48D-3EF4B1F258D8}
	EndGlobalSection
EndGlobal
